
Microsoft Visual Studio Solution File, Format Version 12.00
# Visual Studio 15
VisualStudioVersion = 15.0.27703.2035
MinimumVisualStudioVersion = 10.0.40219.1
Project("{FAE04EC0-301F-11D3-BF4B-00C04F79EFBC}") = "RazorPagesMovie", "RazorPagesMovie\RazorPagesMovie.csproj", "{D73A8761-7263-4100-8B0A-D11A9E45CCB4}"
EndProject
Project("{FAE04EC0-301F-11D3-BF4B-00C04F79EFBC}") = "Skeleton", "Skeleton\Skeleton.csproj", "{85B05669-3694-443B-ACA6-AE9E5175587A}"
EndProject
Global
	GlobalSection(SolutionConfigurationPlatforms) = preSolution
		Debug|Any CPU = Debug|Any CPU
		Release|Any CPU = Release|Any CPU
	EndGlobalSection
	GlobalSection(ProjectConfigurationPlatforms) = postSolution
		{D73A8761-7263-4100-8B0A-D11A9E45CCB4}.Debug|Any CPU.ActiveCfg = Debug|Any CPU
		{D73A8761-7263-4100-8B0A-D11A9E45CCB4}.Debug|Any CPU.Build.0 = Debug|Any CPU
		{D73A8761-7263-4100-8B0A-D11A9E45CCB4}.Release|Any CPU.ActiveCfg = Release|Any CPU
		{D73A8761-7263-4100-8B0A-D11A9E45CCB4}.Release|Any CPU.Build.0 = Release|Any CPU
		{85B05669-3694-443B-ACA6-AE9E5175587A}.Debug|Any CPU.ActiveCfg = Debug|Any CPU
		{85B05669-3694-443B-ACA6-AE9E5175587A}.Debug|Any CPU.Build.0 = Debug|Any CPU
		{85B05669-3694-443B-ACA6-AE9E5175587A}.Release|Any CPU.ActiveCfg = Release|Any CPU
		{85B05669-3694-443B-ACA6-AE9E5175587A}.Release|Any CPU.Build.0 = Release|Any CPU
	EndGlobalSection
	GlobalSection(SolutionProperties) = preSolution
		HideSolutionNode = FALSE
	EndGlobalSection
	GlobalSection(ExtensibilityGlobals) = postSolution
		SolutionGuid = {151443C3-5E5C-4FF8-95BB-EC612C6D9FF5}
	EndGlobalSection
EndGlobal
